// !$*UTF8*$!
{
	archiveVersion = 1;
	classes = {
	};
	objectVersion = 55;
	objects = {

/* Begin PBXBuildFile section */
		0203EAF728661D9300A2E7A2 /* SecurityKit.docc in Sources */ = {isa = PBXBuildFile; fileRef = 0203EAF628661D9300A2E7A2 /* SecurityKit.docc */; };
		0203EAFD28661D9300A2E7A2 /* SecurityKit.framework in Frameworks */ = {isa = PBXBuildFile; fileRef = 0203EAF228661D9300A2E7A2 /* SecurityKit.framework */; };
		0203EB0328661D9300A2E7A2 /* SecurityKit.h in Headers */ = {isa = PBXBuildFile; fileRef = 0203EAF528661D9300A2E7A2 /* SecurityKit.h */; settings = {ATTRIBUTES = (Public, ); }; };
		0203EB0D28661F8D00A2E7A2 /* JailBrokenDetection.swift in Sources */ = {isa = PBXBuildFile; fileRef = 0203EB0C28661F8D00A2E7A2 /* JailBrokenDetection.swift */; };
		0219951D286A0F73001830A2 /* BackgroundLayer.swift in Sources */ = {isa = PBXBuildFile; fileRef = 0219951C286A0F73001830A2 /* BackgroundLayer.swift */; };
		02341F6F28C7AE94001E05C5 /* StringEncryption.swift in Sources */ = {isa = PBXBuildFile; fileRef = 02341F6E28C7AE94001E05C5 /* StringEncryption.swift */; };
		0234CA7A28CB744800AC66A3 /* StringEncryptionTest.swift in Sources */ = {isa = PBXBuildFile; fileRef = 0234CA7928CB744800AC66A3 /* StringEncryptionTest.swift */; };
		0234CA8128CB8CD500AC66A3 /* TestableStringEncryption.swift in Sources */ = {isa = PBXBuildFile; fileRef = 0234CA7E28CB84F800AC66A3 /* TestableStringEncryption.swift */; };
		023E1CF0286ED94100061EB4 /* SecurityKit.swift in Sources */ = {isa = PBXBuildFile; fileRef = 023E1CEF286ED94100061EB4 /* SecurityKit.swift */; };
		0247D85A2868B07200D57EFE /* SimulatorDetection.swift in Sources */ = {isa = PBXBuildFile; fileRef = 0247D8592868B07200D57EFE /* SimulatorDetection.swift */; };
		0247D85C2868BE4100D57EFE /* ReverseEngineering.swift in Sources */ = {isa = PBXBuildFile; fileRef = 0247D85B2868BE4100D57EFE /* ReverseEngineering.swift */; };
		025683C8289AD7570029BC78 /* ScreenCaptureProtection.swift in Sources */ = {isa = PBXBuildFile; fileRef = 025683C7289AD7570029BC78 /* ScreenCaptureProtection.swift */; };
		02E953CF2868DD35002929FF /* VPNChecker.swift in Sources */ = {isa = PBXBuildFile; fileRef = 02E953CE2868DD35002929FF /* VPNChecker.swift */; };
/* End PBXBuildFile section */

/* Begin PBXContainerItemProxy section */
		0203EAFE28661D9300A2E7A2 /* PBXContainerItemProxy */ = {
			isa = PBXContainerItemProxy;
			containerPortal = 0203EAE928661D9300A2E7A2 /* Project object */;
			proxyType = 1;
			remoteGlobalIDString = 0203EAF128661D9300A2E7A2;
			remoteInfo = SecurityKit;
		};
/* End PBXContainerItemProxy section */

/* Begin PBXFileReference section */
		0203EAF228661D9300A2E7A2 /* SecurityKit.framework */ = {isa = PBXFileReference; explicitFileType = wrapper.framework; includeInIndex = 0; path = SecurityKit.framework; sourceTree = BUILT_PRODUCTS_DIR; };
		0203EAF528661D9300A2E7A2 /* SecurityKit.h */ = {isa = PBXFileReference; lastKnownFileType = sourcecode.c.h; path = SecurityKit.h; sourceTree = "<group>"; };
		0203EAF628661D9300A2E7A2 /* SecurityKit.docc */ = {isa = PBXFileReference; lastKnownFileType = folder.documentationcatalog; path = SecurityKit.docc; sourceTree = "<group>"; };
		0203EAFC28661D9300A2E7A2 /* SecurityKitTests.xctest */ = {isa = PBXFileReference; explicitFileType = wrapper.cfbundle; includeInIndex = 0; path = SecurityKitTests.xctest; sourceTree = BUILT_PRODUCTS_DIR; };
		0203EB0C28661F8D00A2E7A2 /* JailBrokenDetection.swift */ = {isa = PBXFileReference; lastKnownFileType = sourcecode.swift; path = JailBrokenDetection.swift; sourceTree = "<group>"; };
		0219951C286A0F73001830A2 /* BackgroundLayer.swift */ = {isa = PBXFileReference; lastKnownFileType = sourcecode.swift; path = BackgroundLayer.swift; sourceTree = "<group>"; };
		02341F6E28C7AE94001E05C5 /* StringEncryption.swift */ = {isa = PBXFileReference; lastKnownFileType = sourcecode.swift; path = StringEncryption.swift; sourceTree = "<group>"; };
		0234CA7928CB744800AC66A3 /* StringEncryptionTest.swift */ = {isa = PBXFileReference; lastKnownFileType = sourcecode.swift; path = StringEncryptionTest.swift; sourceTree = "<group>"; };
		0234CA7E28CB84F800AC66A3 /* TestableStringEncryption.swift */ = {isa = PBXFileReference; lastKnownFileType = sourcecode.swift; path = TestableStringEncryption.swift; sourceTree = "<group>"; };
		023E1CEF286ED94100061EB4 /* SecurityKit.swift */ = {isa = PBXFileReference; lastKnownFileType = sourcecode.swift; path = SecurityKit.swift; sourceTree = "<group>"; };
		0247D8592868B07200D57EFE /* SimulatorDetection.swift */ = {isa = PBXFileReference; lastKnownFileType = sourcecode.swift; path = SimulatorDetection.swift; sourceTree = "<group>"; };
		0247D85B2868BE4100D57EFE /* ReverseEngineering.swift */ = {isa = PBXFileReference; lastKnownFileType = sourcecode.swift; path = ReverseEngineering.swift; sourceTree = "<group>"; };
		025683C7289AD7570029BC78 /* ScreenCaptureProtection.swift */ = {isa = PBXFileReference; lastKnownFileType = sourcecode.swift; path = ScreenCaptureProtection.swift; sourceTree = "<group>"; };
		02E953CE2868DD35002929FF /* VPNChecker.swift */ = {isa = PBXFileReference; lastKnownFileType = sourcecode.swift; path = VPNChecker.swift; sourceTree = "<group>"; };
/* End PBXFileReference section */

/* Begin PBXFrameworksBuildPhase section */
		0203EAEF28661D9300A2E7A2 /* Frameworks */ = {
			isa = PBXFrameworksBuildPhase;
			buildActionMask = 2147483647;
			files = (
			);
			runOnlyForDeploymentPostprocessing = 0;
		};
		0203EAF928661D9300A2E7A2 /* Frameworks */ = {
			isa = PBXFrameworksBuildPhase;
			buildActionMask = 2147483647;
			files = (
				0203EAFD28661D9300A2E7A2 /* SecurityKit.framework in Frameworks */,
			);
			runOnlyForDeploymentPostprocessing = 0;
		};
/* End PBXFrameworksBuildPhase section */

/* Begin PBXGroup section */
		0203EAE828661D9300A2E7A2 = {
			isa = PBXGroup;
			children = (
				0203EAF428661D9300A2E7A2 /* SecurityKit */,
				0203EB0028661D9300A2E7A2 /* SecurityKitTests */,
				0203EAF328661D9300A2E7A2 /* Products */,
			);
			sourceTree = "<group>";
		};
		0203EAF328661D9300A2E7A2 /* Products */ = {
			isa = PBXGroup;
			children = (
				0203EAF228661D9300A2E7A2 /* SecurityKit.framework */,
				0203EAFC28661D9300A2E7A2 /* SecurityKitTests.xctest */,
			);
			name = Products;
			sourceTree = "<group>";
		};
		0203EAF428661D9300A2E7A2 /* SecurityKit */ = {
			isa = PBXGroup;
			children = (
				0203EAF528661D9300A2E7A2 /* SecurityKit.h */,
				0203EAF628661D9300A2E7A2 /* SecurityKit.docc */,
				0203EB0C28661F8D00A2E7A2 /* JailBrokenDetection.swift */,
				0247D8592868B07200D57EFE /* SimulatorDetection.swift */,
				0247D85B2868BE4100D57EFE /* ReverseEngineering.swift */,
				02E953CE2868DD35002929FF /* VPNChecker.swift */,
				0219951C286A0F73001830A2 /* BackgroundLayer.swift */,
				023E1CEF286ED94100061EB4 /* SecurityKit.swift */,
				025683C7289AD7570029BC78 /* ScreenCaptureProtection.swift */,
				02341F6E28C7AE94001E05C5 /* StringEncryption.swift */,
				0234CA7E28CB84F800AC66A3 /* TestableStringEncryption.swift */,
			);
			path = SecurityKit;
			sourceTree = "<group>";
		};
		0203EB0028661D9300A2E7A2 /* SecurityKitTests */ = {
			isa = PBXGroup;
			children = (
				0234CA7928CB744800AC66A3 /* StringEncryptionTest.swift */,
			);
			path = SecurityKitTests;
			sourceTree = "<group>";
		};
/* End PBXGroup section */

/* Begin PBXHeadersBuildPhase section */
		0203EAED28661D9300A2E7A2 /* Headers */ = {
			isa = PBXHeadersBuildPhase;
			buildActionMask = 2147483647;
			files = (
				0203EB0328661D9300A2E7A2 /* SecurityKit.h in Headers */,
			);
			runOnlyForDeploymentPostprocessing = 0;
		};
/* End PBXHeadersBuildPhase section */

/* Begin PBXNativeTarget section */
		0203EAF128661D9300A2E7A2 /* SecurityKit */ = {
			isa = PBXNativeTarget;
			buildConfigurationList = 0203EB0628661D9300A2E7A2 /* Build configuration list for PBXNativeTarget "SecurityKit" */;
			buildPhases = (
				0203EAED28661D9300A2E7A2 /* Headers */,
				0203EAEE28661D9300A2E7A2 /* Sources */,
				0203EAEF28661D9300A2E7A2 /* Frameworks */,
				0203EAF028661D9300A2E7A2 /* Resources */,
			);
			buildRules = (
			);
			dependencies = (
			);
			name = SecurityKit;
			productName = SecurityKit;
			productReference = 0203EAF228661D9300A2E7A2 /* SecurityKit.framework */;
			productType = "com.apple.product-type.framework";
		};
		0203EAFB28661D9300A2E7A2 /* SecurityKitTests */ = {
			isa = PBXNativeTarget;
			buildConfigurationList = 0203EB0928661D9300A2E7A2 /* Build configuration list for PBXNativeTarget "SecurityKitTests" */;
			buildPhases = (
				0203EAF828661D9300A2E7A2 /* Sources */,
				0203EAF928661D9300A2E7A2 /* Frameworks */,
				0203EAFA28661D9300A2E7A2 /* Resources */,
			);
			buildRules = (
			);
			dependencies = (
				0203EAFF28661D9300A2E7A2 /* PBXTargetDependency */,
			);
			name = SecurityKitTests;
			productName = SecurityKitTests;
			productReference = 0203EAFC28661D9300A2E7A2 /* SecurityKitTests.xctest */;
			productType = "com.apple.product-type.bundle.unit-test";
		};
/* End PBXNativeTarget section */

/* Begin PBXProject section */
		0203EAE928661D9300A2E7A2 /* Project object */ = {
			isa = PBXProject;
			attributes = {
				BuildIndependentTargetsInParallel = 1;
				LastSwiftUpdateCheck = 1330;
				LastUpgradeCheck = 1330;
				TargetAttributes = {
					0203EAF128661D9300A2E7A2 = {
						CreatedOnToolsVersion = 13.3;
					};
					0203EAFB28661D9300A2E7A2 = {
						CreatedOnToolsVersion = 13.3;
					};
				};
			};
			buildConfigurationList = 0203EAEC28661D9300A2E7A2 /* Build configuration list for PBXProject "SecurityKit" */;
			compatibilityVersion = "Xcode 13.0";
			developmentRegion = en;
			hasScannedForEncodings = 0;
			knownRegions = (
				en,
				Base,
			);
			mainGroup = 0203EAE828661D9300A2E7A2;
			productRefGroup = 0203EAF328661D9300A2E7A2 /* Products */;
			projectDirPath = "";
			projectRoot = "";
			targets = (
				0203EAF128661D9300A2E7A2 /* SecurityKit */,
				0203EAFB28661D9300A2E7A2 /* SecurityKitTests */,
			);
		};
/* End PBXProject section */

/* Begin PBXResourcesBuildPhase section */
		0203EAF028661D9300A2E7A2 /* Resources */ = {
			isa = PBXResourcesBuildPhase;
			buildActionMask = 2147483647;
			files = (
			);
			runOnlyForDeploymentPostprocessing = 0;
		};
		0203EAFA28661D9300A2E7A2 /* Resources */ = {
			isa = PBXResourcesBuildPhase;
			buildActionMask = 2147483647;
			files = (
			);
			runOnlyForDeploymentPostprocessing = 0;
		};
/* End PBXResourcesBuildPhase section */

/* Begin PBXSourcesBuildPhase section */
		0203EAEE28661D9300A2E7A2 /* Sources */ = {
			isa = PBXSourcesBuildPhase;
			buildActionMask = 2147483647;
			files = (
				0247D85A2868B07200D57EFE /* SimulatorDetection.swift in Sources */,
				0219951D286A0F73001830A2 /* BackgroundLayer.swift in Sources */,
				02341F6F28C7AE94001E05C5 /* StringEncryption.swift in Sources */,
				0203EAF728661D9300A2E7A2 /* SecurityKit.docc in Sources */,
				025683C8289AD7570029BC78 /* ScreenCaptureProtection.swift in Sources */,
				0234CA8128CB8CD500AC66A3 /* TestableStringEncryption.swift in Sources */,
				02E953CF2868DD35002929FF /* VPNChecker.swift in Sources */,
				023E1CF0286ED94100061EB4 /* SecurityKit.swift in Sources */,
				0247D85C2868BE4100D57EFE /* ReverseEngineering.swift in Sources */,
				0203EB0D28661F8D00A2E7A2 /* JailBrokenDetection.swift in Sources */,
			);
			runOnlyForDeploymentPostprocessing = 0;
		};
		0203EAF828661D9300A2E7A2 /* Sources */ = {
			isa = PBXSourcesBuildPhase;
			buildActionMask = 2147483647;
			files = (
				0234CA7A28CB744800AC66A3 /* StringEncryptionTest.swift in Sources */,
			);
			runOnlyForDeploymentPostprocessing = 0;
		};
/* End PBXSourcesBuildPhase section */

/* Begin PBXTargetDependency section */
		0203EAFF28661D9300A2E7A2 /* PBXTargetDependency */ = {
			isa = PBXTargetDependency;
			target = 0203EAF128661D9300A2E7A2 /* SecurityKit */;
			targetProxy = 0203EAFE28661D9300A2E7A2 /* PBXContainerItemProxy */;
		};
/* End PBXTargetDependency section */

/* Begin XCBuildConfiguration section */
		0203EB0428661D9300A2E7A2 /* Debug */ = {
			isa = XCBuildConfiguration;
			buildSettings = {
				ALWAYS_SEARCH_USER_PATHS = NO;
				CLANG_ANALYZER_NONNULL = YES;
				CLANG_ANALYZER_NUMBER_OBJECT_CONVERSION = YES_AGGRESSIVE;
				CLANG_CXX_LANGUAGE_STANDARD = "gnu++17";
				CLANG_ENABLE_MODULES = YES;
				CLANG_ENABLE_OBJC_ARC = YES;
				CLANG_ENABLE_OBJC_WEAK = YES;
				CLANG_WARN_BLOCK_CAPTURE_AUTORELEASING = YES;
				CLANG_WARN_BOOL_CONVERSION = YES;
				CLANG_WARN_COMMA = YES;
				CLANG_WARN_CONSTANT_CONVERSION = YES;
				CLANG_WARN_DEPRECATED_OBJC_IMPLEMENTATIONS = YES;
				CLANG_WARN_DIRECT_OBJC_ISA_USAGE = YES_ERROR;
				CLANG_WARN_DOCUMENTATION_COMMENTS = YES;
				CLANG_WARN_EMPTY_BODY = YES;
				CLANG_WARN_ENUM_CONVERSION = YES;
				CLANG_WARN_INFINITE_RECURSION = YES;
				CLANG_WARN_INT_CONVERSION = YES;
				CLANG_WARN_NON_LITERAL_NULL_CONVERSION = YES;
				CLANG_WARN_OBJC_IMPLICIT_RETAIN_SELF = YES;
				CLANG_WARN_OBJC_LITERAL_CONVERSION = YES;
				CLANG_WARN_OBJC_ROOT_CLASS = YES_ERROR;
				CLANG_WARN_QUOTED_INCLUDE_IN_FRAMEWORK_HEADER = YES;
				CLANG_WARN_RANGE_LOOP_ANALYSIS = YES;
				CLANG_WARN_STRICT_PROTOTYPES = YES;
				CLANG_WARN_SUSPICIOUS_MOVE = YES;
				CLANG_WARN_UNGUARDED_AVAILABILITY = YES_AGGRESSIVE;
				CLANG_WARN_UNREACHABLE_CODE = YES;
				CLANG_WARN__DUPLICATE_METHOD_MATCH = YES;
				COPY_PHASE_STRIP = NO;
				CURRENT_PROJECT_VERSION = 1;
				DEBUG_INFORMATION_FORMAT = dwarf;
				ENABLE_STRICT_OBJC_MSGSEND = YES;
				ENABLE_TESTABILITY = YES;
				GCC_C_LANGUAGE_STANDARD = gnu11;
				GCC_DYNAMIC_NO_PIC = NO;
				GCC_NO_COMMON_BLOCKS = YES;
				GCC_OPTIMIZATION_LEVEL = 0;
				GCC_PREPROCESSOR_DEFINITIONS = (
					"DEBUG=1",
					"$(inherited)",
				);
				GCC_WARN_64_TO_32_BIT_CONVERSION = YES;
				GCC_WARN_ABOUT_RETURN_TYPE = YES_ERROR;
				GCC_WARN_UNDECLARED_SELECTOR = YES;
				GCC_WARN_UNINITIALIZED_AUTOS = YES_AGGRESSIVE;
				GCC_WARN_UNUSED_FUNCTION = YES;
				GCC_WARN_UNUSED_VARIABLE = YES;
				IPHONEOS_DEPLOYMENT_TARGET = 13.0;
				MTL_ENABLE_DEBUG_INFO = INCLUDE_SOURCE;
				MTL_FAST_MATH = YES;
				ONLY_ACTIVE_ARCH = YES;
				SDKROOT = iphoneos;
				SWIFT_ACTIVE_COMPILATION_CONDITIONS = DEBUG;
				SWIFT_OPTIMIZATION_LEVEL = "-Onone";
				SWIFT_VERSION = 5.0;
				VERSIONING_SYSTEM = "apple-generic";
				VERSION_INFO_PREFIX = "";
			};
			name = Debug;
		};
		0203EB0528661D9300A2E7A2 /* Release */ = {
			isa = XCBuildConfiguration;
			buildSettings = {
				ALWAYS_SEARCH_USER_PATHS = NO;
				CLANG_ANALYZER_NONNULL = YES;
				CLANG_ANALYZER_NUMBER_OBJECT_CONVERSION = YES_AGGRESSIVE;
				CLANG_CXX_LANGUAGE_STANDARD = "gnu++17";
				CLANG_ENABLE_MODULES = YES;
				CLANG_ENABLE_OBJC_ARC = YES;
				CLANG_ENABLE_OBJC_WEAK = YES;
				CLANG_WARN_BLOCK_CAPTURE_AUTORELEASING = YES;
				CLANG_WARN_BOOL_CONVERSION = YES;
				CLANG_WARN_COMMA = YES;
				CLANG_WARN_CONSTANT_CONVERSION = YES;
				CLANG_WARN_DEPRECATED_OBJC_IMPLEMENTATIONS = YES;
				CLANG_WARN_DIRECT_OBJC_ISA_USAGE = YES_ERROR;
				CLANG_WARN_DOCUMENTATION_COMMENTS = YES;
				CLANG_WARN_EMPTY_BODY = YES;
				CLANG_WARN_ENUM_CONVERSION = YES;
				CLANG_WARN_INFINITE_RECURSION = YES;
				CLANG_WARN_INT_CONVERSION = YES;
				CLANG_WARN_NON_LITERAL_NULL_CONVERSION = YES;
				CLANG_WARN_OBJC_IMPLICIT_RETAIN_SELF = YES;
				CLANG_WARN_OBJC_LITERAL_CONVERSION = YES;
				CLANG_WARN_OBJC_ROOT_CLASS = YES_ERROR;
				CLANG_WARN_QUOTED_INCLUDE_IN_FRAMEWORK_HEADER = YES;
				CLANG_WARN_RANGE_LOOP_ANALYSIS = YES;
				CLANG_WARN_STRICT_PROTOTYPES = YES;
				CLANG_WARN_SUSPICIOUS_MOVE = YES;
				CLANG_WARN_UNGUARDED_AVAILABILITY = YES_AGGRESSIVE;
				CLANG_WARN_UNREACHABLE_CODE = YES;
				CLANG_WARN__DUPLICATE_METHOD_MATCH = YES;
				COPY_PHASE_STRIP = NO;
				CURRENT_PROJECT_VERSION = 1;
				DEBUG_INFORMATION_FORMAT = "dwarf-with-dsym";
				ENABLE_NS_ASSERTIONS = NO;
				ENABLE_STRICT_OBJC_MSGSEND = YES;
				GCC_C_LANGUAGE_STANDARD = gnu11;
				GCC_NO_COMMON_BLOCKS = YES;
				GCC_WARN_64_TO_32_BIT_CONVERSION = YES;
				GCC_WARN_ABOUT_RETURN_TYPE = YES_ERROR;
				GCC_WARN_UNDECLARED_SELECTOR = YES;
				GCC_WARN_UNINITIALIZED_AUTOS = YES_AGGRESSIVE;
				GCC_WARN_UNUSED_FUNCTION = YES;
				GCC_WARN_UNUSED_VARIABLE = YES;
				IPHONEOS_DEPLOYMENT_TARGET = 13.0;
				MTL_ENABLE_DEBUG_INFO = NO;
				MTL_FAST_MATH = YES;
				SDKROOT = iphoneos;
				SWIFT_COMPILATION_MODE = wholemodule;
				SWIFT_OPTIMIZATION_LEVEL = "-O";
				SWIFT_VERSION = 5.0;
				VALIDATE_PRODUCT = YES;
				VERSIONING_SYSTEM = "apple-generic";
				VERSION_INFO_PREFIX = "";
			};
			name = Release;
		};
		0203EB0728661D9300A2E7A2 /* Debug */ = {
			isa = XCBuildConfiguration;
			buildSettings = {
				CODE_SIGN_STYLE = Automatic;
				CURRENT_PROJECT_VERSION = 1;
				DEFINES_MODULE = YES;
				DEVELOPMENT_TEAM = 3KZWVBAJSN;
				DYLIB_COMPATIBILITY_VERSION = 1;
				DYLIB_CURRENT_VERSION = 1;
				DYLIB_INSTALL_NAME_BASE = "@rpath";
				GENERATE_INFOPLIST_FILE = YES;
				INFOPLIST_KEY_NSHumanReadableCopyright = "";
				INSTALL_PATH = "$(LOCAL_LIBRARY_DIR)/Frameworks";
				LD_RUNPATH_SEARCH_PATHS = (
					"$(inherited)",
					"@executable_path/Frameworks",
					"@loader_path/Frameworks",
				);
				MARKETING_VERSION = 1.0;
				PRODUCT_BUNDLE_IDENTIFIER = gravityapp.SecurityKit;
				PRODUCT_NAME = "$(TARGET_NAME:c99extidentifier)";
				SKIP_INSTALL = YES;
				SWIFT_EMIT_LOC_STRINGS = YES;
				SWIFT_VERSION = 5.0;
				TARGETED_DEVICE_FAMILY = "1,2";
			};
			name = Debug;
		};
		0203EB0828661D9300A2E7A2 /* Release */ = {
			isa = XCBuildConfiguration;
			buildSettings = {
				CODE_SIGN_STYLE = Automatic;
				CURRENT_PROJECT_VERSION = 1;
				DEFINES_MODULE = YES;
				DEVELOPMENT_TEAM = 3KZWVBAJSN;
				DYLIB_COMPATIBILITY_VERSION = 1;
				DYLIB_CURRENT_VERSION = 1;
				DYLIB_INSTALL_NAME_BASE = "@rpath";
				GENERATE_INFOPLIST_FILE = YES;
				INFOPLIST_KEY_NSHumanReadableCopyright = "";
				INSTALL_PATH = "$(LOCAL_LIBRARY_DIR)/Frameworks";
				LD_RUNPATH_SEARCH_PATHS = (
					"$(inherited)",
					"@executable_path/Frameworks",
					"@loader_path/Frameworks",
				);
				MARKETING_VERSION = 1.0;
				PRODUCT_BUNDLE_IDENTIFIER = gravityapp.SecurityKit;
				PRODUCT_NAME = "$(TARGET_NAME:c99extidentifier)";
				SKIP_INSTALL = YES;
				SWIFT_EMIT_LOC_STRINGS = YES;
				SWIFT_VERSION = 5.0;
				TARGETED_DEVICE_FAMILY = "1,2";
			};
			name = Release;
		};
		0203EB0A28661D9300A2E7A2 /* Debug */ = {
			isa = XCBuildConfiguration;
			buildSettings = {
				ALWAYS_EMBED_SWIFT_STANDARD_LIBRARIES = YES;
				CODE_SIGN_STYLE = Automatic;
				CURRENT_PROJECT_VERSION = 1;
				DEVELOPMENT_TEAM = 3KZWVBAJSN;
				GENERATE_INFOPLIST_FILE = YES;
				MARKETING_VERSION = 1.0;
				PRODUCT_BUNDLE_IDENTIFIER = gravityapp.SecurityKitTests;
				PRODUCT_NAME = "$(TARGET_NAME)";
				SWIFT_EMIT_LOC_STRINGS = NO;
				SWIFT_VERSION = 5.0;
				TARGETED_DEVICE_FAMILY = "1,2";
			};
			name = Debug;
		};
		0203EB0B28661D9300A2E7A2 /* Release */ = {
			isa = XCBuildConfiguration;
			buildSettings = {
				ALWAYS_EMBED_SWIFT_STANDARD_LIBRARIES = YES;
				CODE_SIGN_STYLE = Automatic;
				CURRENT_PROJECT_VERSION = 1;
				DEVELOPMENT_TEAM = 3KZWVBAJSN;
				GENERATE_INFOPLIST_FILE = YES;
				MARKETING_VERSION = 1.0;
				PRODUCT_BUNDLE_IDENTIFIER = gravityapp.SecurityKitTests;
				PRODUCT_NAME = "$(TARGET_NAME)";
				SWIFT_EMIT_LOC_STRINGS = NO;
				SWIFT_VERSION = 5.0;
				TARGETED_DEVICE_FAMILY = "1,2";
			};
			name = Release;
		};
/* End XCBuildConfiguration section */

/* Begin XCConfigurationList section */
		0203EAEC28661D9300A2E7A2 /* Build configuration list for PBXProject "SecurityKit" */ = {
			isa = XCConfigurationList;
			buildConfigurations = (
				0203EB0428661D9300A2E7A2 /* Debug */,
				0203EB0528661D9300A2E7A2 /* Release */,
			);
			defaultConfigurationIsVisible = 0;
			defaultConfigurationName = Release;
		};
		0203EB0628661D9300A2E7A2 /* Build configuration list for PBXNativeTarget "SecurityKit" */ = {
			isa = XCConfigurationList;
			buildConfigurations = (
				0203EB0728661D9300A2E7A2 /* Debug */,
				0203EB0828661D9300A2E7A2 /* Release */,
			);
			defaultConfigurationIsVisible = 0;
			defaultConfigurationName = Release;
		};
		0203EB0928661D9300A2E7A2 /* Build configuration list for PBXNativeTarget "SecurityKitTests" */ = {
			isa = XCConfigurationList;
			buildConfigurations = (
				0203EB0A28661D9300A2E7A2 /* Debug */,
				0203EB0B28661D9300A2E7A2 /* Release */,
			);
			defaultConfigurationIsVisible = 0;
			defaultConfigurationName = Release;
		};
/* End XCConfigurationList section */
	};
	rootObject = 0203EAE928661D9300A2E7A2 /* Project object */;
}
